// !$*UTF8*$!
{
	archiveVersion = 1;
	classes = {
	};
	objectVersion = 46;
	objects = {

/* Begin PBXBuildFile section */
		D258962B1B2C082200D6CF55 /* SlideMenuController.swift in Sources */ = {isa = PBXBuildFile; fileRef = D258962A1B2C082200D6CF55 /* SlideMenuController.swift */; };
		D25896371B2C1C9500D6CF55 /* BaseTableViewCell.swift in Sources */ = {isa = PBXBuildFile; fileRef = D25896361B2C1C9500D6CF55 /* BaseTableViewCell.swift */; };
		D258963B1B2C1CA300D6CF55 /* StringExtension.swift in Sources */ = {isa = PBXBuildFile; fileRef = D25896381B2C1CA300D6CF55 /* StringExtension.swift */; };
		D258963C1B2C1CA300D6CF55 /* UITableViewExtension.swift in Sources */ = {isa = PBXBuildFile; fileRef = D25896391B2C1CA300D6CF55 /* UITableViewExtension.swift */; };
		D258963D1B2C1CA300D6CF55 /* UIViewControllerExtension.swift in Sources */ = {isa = PBXBuildFile; fileRef = D258963A1B2C1CA300D6CF55 /* UIViewControllerExtension.swift */; };
		D25896571B2C24C800D6CF55 /* MenuViewController.swift in Sources */ = {isa = PBXBuildFile; fileRef = D25896511B2C24C800D6CF55 /* MenuViewController.swift */; };
		D25896591B2C24C800D6CF55 /* ClosetViewController.swift in Sources */ = {isa = PBXBuildFile; fileRef = D25896531B2C24C800D6CF55 /* ClosetViewController.swift */; };
		D258965A1B2C24C800D6CF55 /* ProfileViewController.swift in Sources */ = {isa = PBXBuildFile; fileRef = D25896541B2C24C800D6CF55 /* ProfileViewController.swift */; };
		D25896601B2C3A4400D6CF55 /* ClosetDetailViewController.swift in Sources */ = {isa = PBXBuildFile; fileRef = D258965F1B2C3A4400D6CF55 /* ClosetDetailViewController.swift */; };
		D25896621B2C3C2600D6CF55 /* ClosetCell.swift in Sources */ = {isa = PBXBuildFile; fileRef = D25896611B2C3C2600D6CF55 /* ClosetCell.swift */; };
		D258966B1B2C4BFF00D6CF55 /* hat.jpg in Resources */ = {isa = PBXBuildFile; fileRef = D25896661B2C4BFE00D6CF55 /* hat.jpg */; };
		D258966C1B2C4BFF00D6CF55 /* jacket.jpg in Resources */ = {isa = PBXBuildFile; fileRef = D25896671B2C4BFF00D6CF55 /* jacket.jpg */; };
		D258966D1B2C4BFF00D6CF55 /* pants.jpg in Resources */ = {isa = PBXBuildFile; fileRef = D25896681B2C4BFF00D6CF55 /* pants.jpg */; };
		D258966E1B2C4BFF00D6CF55 /* shoes.jpg in Resources */ = {isa = PBXBuildFile; fileRef = D25896691B2C4BFF00D6CF55 /* shoes.jpg */; };
		D258966F1B2C4BFF00D6CF55 /* tops.jpg in Resources */ = {isa = PBXBuildFile; fileRef = D258966A1B2C4BFF00D6CF55 /* tops.jpg */; };
		D25896711B2C530A00D6CF55 /* CoreLocation.framework in Frameworks */ = {isa = PBXBuildFile; fileRef = D25896701B2C530A00D6CF55 /* CoreLocation.framework */; };
		D25896731B2C531A00D6CF55 /* SwiftyJSON.swift in Sources */ = {isa = PBXBuildFile; fileRef = D25896721B2C531A00D6CF55 /* SwiftyJSON.swift */; };
		D258967A1B2C779100D6CF55 /* clouds.png in Resources */ = {isa = PBXBuildFile; fileRef = D25896771B2C779100D6CF55 /* clouds.png */; };
		D258967B1B2C779100D6CF55 /* rain.png in Resources */ = {isa = PBXBuildFile; fileRef = D25896781B2C779100D6CF55 /* rain.png */; };
		D258967C1B2C779100D6CF55 /* sun.png in Resources */ = {isa = PBXBuildFile; fileRef = D25896791B2C779100D6CF55 /* sun.png */; };
		D25896821B2C86AC00D6CF55 /* Fabric.framework in Frameworks */ = {isa = PBXBuildFile; fileRef = D258967E1B2C86AC00D6CF55 /* Fabric.framework */; };
		D25896831B2C86AC00D6CF55 /* TwitterKit.framework in Frameworks */ = {isa = PBXBuildFile; fileRef = D258967F1B2C86AC00D6CF55 /* TwitterKit.framework */; };
		D25896841B2C86AC00D6CF55 /* TwitterKitResources.bundle in Resources */ = {isa = PBXBuildFile; fileRef = D25896801B2C86AC00D6CF55 /* TwitterKitResources.bundle */; };
		D25896851B2C86AC00D6CF55 /* TwitterCore.framework in Frameworks */ = {isa = PBXBuildFile; fileRef = D25896811B2C86AC00D6CF55 /* TwitterCore.framework */; };
		D25896891B2CB41100D6CF55 /* QrReadViewController.swift in Sources */ = {isa = PBXBuildFile; fileRef = D25896881B2CB41100D6CF55 /* QrReadViewController.swift */; };
		D258968B1B2CBE8600D6CF55 /* AddNewClothViewController.swift in Sources */ = {isa = PBXBuildFile; fileRef = D258968A1B2CBE8600D6CF55 /* AddNewClothViewController.swift */; };
		D25896931B2D1ACA00D6CF55 /* UtilSingleton.swift in Sources */ = {isa = PBXBuildFile; fileRef = D25896921B2D1ACA00D6CF55 /* UtilSingleton.swift */; };
		D25896A51B2D1E6500D6CF55 /* libPayPalMobile.a in Frameworks */ = {isa = PBXBuildFile; fileRef = D258969D1B2D1E6500D6CF55 /* libPayPalMobile.a */; };
		D25896A71B2D1EDB00D6CF55 /* SystemConfiguration.framework in Frameworks */ = {isa = PBXBuildFile; fileRef = D25896A61B2D1EDB00D6CF55 /* SystemConfiguration.framework */; };
		D25896A91B2D1EE700D6CF55 /* MobileCoreServices.framework in Frameworks */ = {isa = PBXBuildFile; fileRef = D25896A81B2D1EE700D6CF55 /* MobileCoreServices.framework */; };
		D25896AB1B2D1EF100D6CF55 /* MessageUI.framework in Frameworks */ = {isa = PBXBuildFile; fileRef = D25896AA1B2D1EF100D6CF55 /* MessageUI.framework */; };
		D25896AD1B2D1EF900D6CF55 /* CoreMedia.framework in Frameworks */ = {isa = PBXBuildFile; fileRef = D25896AC1B2D1EF900D6CF55 /* CoreMedia.framework */; };
		D25896AF1B2D1F0A00D6CF55 /* AVFoundation.framework in Frameworks */ = {isa = PBXBuildFile; fileRef = D25896AE1B2D1F0A00D6CF55 /* AVFoundation.framework */; };
		D25896B11B2D1F1200D6CF55 /* AudioToolbox.framework in Frameworks */ = {isa = PBXBuildFile; fileRef = D25896B01B2D1F1200D6CF55 /* AudioToolbox.framework */; };
		D2EEE77D1B2AE2EA00BC871B /* AppDelegate.swift in Sources */ = {isa = PBXBuildFile; fileRef = D2EEE77C1B2AE2EA00BC871B /* AppDelegate.swift */; };
		D2EEE7821B2AE2EA00BC871B /* Main.storyboard in Resources */ = {isa = PBXBuildFile; fileRef = D2EEE7801B2AE2EA00BC871B /* Main.storyboard */; };
		D2EEE7841B2AE2EA00BC871B /* Images.xcassets in Resources */ = {isa = PBXBuildFile; fileRef = D2EEE7831B2AE2EA00BC871B /* Images.xcassets */; };
		D2EEE7871B2AE2EA00BC871B /* LaunchScreen.xib in Resources */ = {isa = PBXBuildFile; fileRef = D2EEE7851B2AE2EA00BC871B /* LaunchScreen.xib */; };
		D2EEE7931B2AE2EA00BC871B /* CoReeTests.swift in Sources */ = {isa = PBXBuildFile; fileRef = D2EEE7921B2AE2EA00BC871B /* CoReeTests.swift */; };
		D2EEE79D1B2BE74700BC871B /* CoRee-title.png in Resources */ = {isa = PBXBuildFile; fileRef = D2EEE79C1B2BE74700BC871B /* CoRee-title.png */; };
		D2EEE79F1B2BEFBC00BC871B /* LoginViewController.swift in Sources */ = {isa = PBXBuildFile; fileRef = D2EEE79E1B2BEFBC00BC871B /* LoginViewController.swift */; };
		D2EEE7A31B2BF11700BC871B /* background-login-img.jpeg in Resources */ = {isa = PBXBuildFile; fileRef = D2EEE7A21B2BF11700BC871B /* background-login-img.jpeg */; };
		D2EEE7A51B2BF1D600BC871B /* CoRee-white-title.png in Resources */ = {isa = PBXBuildFile; fileRef = D2EEE7A41B2BF1D600BC871B /* CoRee-white-title.png */; };
		D2EEE7A71B2BF46B00BC871B /* RecommendViewController.swift in Sources */ = {isa = PBXBuildFile; fileRef = D2EEE7A61B2BF46B00BC871B /* RecommendViewController.swift */; };
		D2EEE7AB1B2BFBDB00BC871B /* LoginLoadViewController.swift in Sources */ = {isa = PBXBuildFile; fileRef = D2EEE7AA1B2BFBDB00BC871B /* LoginLoadViewController.swift */; };
/* End PBXBuildFile section */

/* Begin PBXContainerItemProxy section */
		D2EEE78D1B2AE2EA00BC871B /* PBXContainerItemProxy */ = {
			isa = PBXContainerItemProxy;
			containerPortal = D2EEE76F1B2AE2EA00BC871B /* Project object */;
			proxyType = 1;
			remoteGlobalIDString = D2EEE7761B2AE2EA00BC871B;
			remoteInfo = CoRee;
		};
/* End PBXContainerItemProxy section */

/* Begin PBXFileReference section */
		D258962A1B2C082200D6CF55 /* SlideMenuController.swift */ = {isa = PBXFileReference; fileEncoding = 4; lastKnownFileType = sourcecode.swift; name = SlideMenuController.swift; path = CoRee/SlideMenuController.swift; sourceTree = "<group>"; };
		D25896361B2C1C9500D6CF55 /* BaseTableViewCell.swift */ = {isa = PBXFileReference; fileEncoding = 4; lastKnownFileType = sourcecode.swift; path = BaseTableViewCell.swift; sourceTree = "<group>"; };
		D25896381B2C1CA300D6CF55 /* StringExtension.swift */ = {isa = PBXFileReference; fileEncoding = 4; lastKnownFileType = sourcecode.swift; path = StringExtension.swift; sourceTree = "<group>"; };
		D25896391B2C1CA300D6CF55 /* UITableViewExtension.swift */ = {isa = PBXFileReference; fileEncoding = 4; lastKnownFileType = sourcecode.swift; path = UITableViewExtension.swift; sourceTree = "<group>"; };
		D258963A1B2C1CA300D6CF55 /* UIViewControllerExtension.swift */ = {isa = PBXFileReference; fileEncoding = 4; lastKnownFileType = sourcecode.swift; path = UIViewControllerExtension.swift; sourceTree = "<group>"; };
		D25896511B2C24C800D6CF55 /* MenuViewController.swift */ = {isa = PBXFileReference; fileEncoding = 4; lastKnownFileType = sourcecode.swift; path = MenuViewController.swift; sourceTree = "<group>"; };
		D25896531B2C24C800D6CF55 /* ClosetViewController.swift */ = {isa = PBXFileReference; fileEncoding = 4; lastKnownFileType = sourcecode.swift; path = ClosetViewController.swift; sourceTree = "<group>"; };
		D25896541B2C24C800D6CF55 /* ProfileViewController.swift */ = {isa = PBXFileReference; fileEncoding = 4; lastKnownFileType = sourcecode.swift; path = ProfileViewController.swift; sourceTree = "<group>"; };
		D258965F1B2C3A4400D6CF55 /* ClosetDetailViewController.swift */ = {isa = PBXFileReference; fileEncoding = 4; lastKnownFileType = sourcecode.swift; path = ClosetDetailViewController.swift; sourceTree = "<group>"; };
		D25896611B2C3C2600D6CF55 /* ClosetCell.swift */ = {isa = PBXFileReference; fileEncoding = 4; lastKnownFileType = sourcecode.swift; path = ClosetCell.swift; sourceTree = "<group>"; };
		D25896661B2C4BFE00D6CF55 /* hat.jpg */ = {isa = PBXFileReference; lastKnownFileType = image.jpeg; path = hat.jpg; sourceTree = "<group>"; };
		D25896671B2C4BFF00D6CF55 /* jacket.jpg */ = {isa = PBXFileReference; lastKnownFileType = image.jpeg; path = jacket.jpg; sourceTree = "<group>"; };
		D25896681B2C4BFF00D6CF55 /* pants.jpg */ = {isa = PBXFileReference; lastKnownFileType = image.jpeg; path = pants.jpg; sourceTree = "<group>"; };
		D25896691B2C4BFF00D6CF55 /* shoes.jpg */ = {isa = PBXFileReference; lastKnownFileType = image.jpeg; path = shoes.jpg; sourceTree = "<group>"; };
		D258966A1B2C4BFF00D6CF55 /* tops.jpg */ = {isa = PBXFileReference; lastKnownFileType = image.jpeg; path = tops.jpg; sourceTree = "<group>"; };
		D25896701B2C530A00D6CF55 /* CoreLocation.framework */ = {isa = PBXFileReference; lastKnownFileType = wrapper.framework; name = CoreLocation.framework; path = System/Library/Frameworks/CoreLocation.framework; sourceTree = SDKROOT; };
		D25896721B2C531A00D6CF55 /* SwiftyJSON.swift */ = {isa = PBXFileReference; fileEncoding = 4; lastKnownFileType = sourcecode.swift; path = SwiftyJSON.swift; sourceTree = "<group>"; };
		D25896771B2C779100D6CF55 /* clouds.png */ = {isa = PBXFileReference; lastKnownFileType = image.png; path = clouds.png; sourceTree = "<group>"; };
		D25896781B2C779100D6CF55 /* rain.png */ = {isa = PBXFileReference; lastKnownFileType = image.png; path = rain.png; sourceTree = "<group>"; };
		D25896791B2C779100D6CF55 /* sun.png */ = {isa = PBXFileReference; lastKnownFileType = image.png; path = sun.png; sourceTree = "<group>"; };
		D258967E1B2C86AC00D6CF55 /* Fabric.framework */ = {isa = PBXFileReference; lastKnownFileType = wrapper.framework; name = Fabric.framework; path = CoRee/Fabric.framework; sourceTree = "<group>"; };
		D258967F1B2C86AC00D6CF55 /* TwitterKit.framework */ = {isa = PBXFileReference; lastKnownFileType = wrapper.framework; name = TwitterKit.framework; path = CoRee/TwitterKit.framework; sourceTree = "<group>"; };
		D25896801B2C86AC00D6CF55 /* TwitterKitResources.bundle */ = {isa = PBXFileReference; lastKnownFileType = "wrapper.plug-in"; name = TwitterKitResources.bundle; path = CoRee/TwitterKitResources.bundle; sourceTree = "<group>"; };
		D25896811B2C86AC00D6CF55 /* TwitterCore.framework */ = {isa = PBXFileReference; lastKnownFileType = wrapper.framework; name = TwitterCore.framework; path = CoRee/TwitterCore.framework; sourceTree = "<group>"; };
		D25896881B2CB41100D6CF55 /* QrReadViewController.swift */ = {isa = PBXFileReference; fileEncoding = 4; lastKnownFileType = sourcecode.swift; path = QrReadViewController.swift; sourceTree = "<group>"; };
		D258968A1B2CBE8600D6CF55 /* AddNewClothViewController.swift */ = {isa = PBXFileReference; fileEncoding = 4; lastKnownFileType = sourcecode.swift; path = AddNewClothViewController.swift; sourceTree = "<group>"; };
		D25896921B2D1ACA00D6CF55 /* UtilSingleton.swift */ = {isa = PBXFileReference; fileEncoding = 4; lastKnownFileType = sourcecode.swift; path = UtilSingleton.swift; sourceTree = "<group>"; };
		D25896951B2D1E6500D6CF55 /* CardIO.h */ = {isa = PBXFileReference; fileEncoding = 4; lastKnownFileType = sourcecode.c.h; path = CardIO.h; sourceTree = "<group>"; };
		D25896961B2D1E6500D6CF55 /* CardIOCreditCardInfo.h */ = {isa = PBXFileReference; fileEncoding = 4; lastKnownFileType = sourcecode.c.h; path = CardIOCreditCardInfo.h; sourceTree = "<group>"; };
		D25896971B2D1E6500D6CF55 /* CardIODetectionMode.h */ = {isa = PBXFileReference; fileEncoding = 4; lastKnownFileType = sourcecode.c.h; path = CardIODetectionMode.h; sourceTree = "<group>"; };
		D25896981B2D1E6500D6CF55 /* CardIOPaymentViewController.h */ = {isa = PBXFileReference; fileEncoding = 4; lastKnownFileType = sourcecode.c.h; path = CardIOPaymentViewController.h; sourceTree = "<group>"; };
		D25896991B2D1E6500D6CF55 /* CardIOPaymentViewControllerDelegate.h */ = {isa = PBXFileReference; fileEncoding = 4; lastKnownFileType = sourcecode.c.h; path = CardIOPaymentViewControllerDelegate.h; sourceTree = "<group>"; };
		D258969A1B2D1E6500D6CF55 /* CardIOUtilities.h */ = {isa = PBXFileReference; fileEncoding = 4; lastKnownFileType = sourcecode.c.h; path = CardIOUtilities.h; sourceTree = "<group>"; };
		D258969B1B2D1E6500D6CF55 /* CardIOView.h */ = {isa = PBXFileReference; fileEncoding = 4; lastKnownFileType = sourcecode.c.h; path = CardIOView.h; sourceTree = "<group>"; };
		D258969C1B2D1E6500D6CF55 /* CardIOViewDelegate.h */ = {isa = PBXFileReference; fileEncoding = 4; lastKnownFileType = sourcecode.c.h; path = CardIOViewDelegate.h; sourceTree = "<group>"; };
		D258969D1B2D1E6500D6CF55 /* libPayPalMobile.a */ = {isa = PBXFileReference; lastKnownFileType = archive.ar; path = libPayPalMobile.a; sourceTree = "<group>"; };
		D258969E1B2D1E6500D6CF55 /* PayPalConfiguration.h */ = {isa = PBXFileReference; fileEncoding = 4; lastKnownFileType = sourcecode.c.h; path = PayPalConfiguration.h; sourceTree = "<group>"; };
		D258969F1B2D1E6500D6CF55 /* PayPalFuturePaymentViewController.h */ = {isa = PBXFileReference; fileEncoding = 4; lastKnownFileType = sourcecode.c.h; path = PayPalFuturePaymentViewController.h; sourceTree = "<group>"; };
		D25896A01B2D1E6500D6CF55 /* PayPalMobile.h */ = {isa = PBXFileReference; fileEncoding = 4; lastKnownFileType = sourcecode.c.h; path = PayPalMobile.h; sourceTree = "<group>"; };
		D25896A11B2D1E6500D6CF55 /* PayPalOAuthScopes.h */ = {isa = PBXFileReference; fileEncoding = 4; lastKnownFileType = sourcecode.c.h; path = PayPalOAuthScopes.h; sourceTree = "<group>"; };
		D25896A21B2D1E6500D6CF55 /* PayPalPayment.h */ = {isa = PBXFileReference; fileEncoding = 4; lastKnownFileType = sourcecode.c.h; path = PayPalPayment.h; sourceTree = "<group>"; };
		D25896A31B2D1E6500D6CF55 /* PayPalPaymentViewController.h */ = {isa = PBXFileReference; fileEncoding = 4; lastKnownFileType = sourcecode.c.h; path = PayPalPaymentViewController.h; sourceTree = "<group>"; };
		D25896A41B2D1E6500D6CF55 /* PayPalProfileSharingViewController.h */ = {isa = PBXFileReference; fileEncoding = 4; lastKnownFileType = sourcecode.c.h; path = PayPalProfileSharingViewController.h; sourceTree = "<group>"; };
		D25896A61B2D1EDB00D6CF55 /* SystemConfiguration.framework */ = {isa = PBXFileReference; lastKnownFileType = wrapper.framework; name = SystemConfiguration.framework; path = System/Library/Frameworks/SystemConfiguration.framework; sourceTree = SDKROOT; };
		D25896A81B2D1EE700D6CF55 /* MobileCoreServices.framework */ = {isa = PBXFileReference; lastKnownFileType = wrapper.framework; name = MobileCoreServices.framework; path = System/Library/Frameworks/MobileCoreServices.framework; sourceTree = SDKROOT; };
		D25896AA1B2D1EF100D6CF55 /* MessageUI.framework */ = {isa = PBXFileReference; lastKnownFileType = wrapper.framework; name = MessageUI.framework; path = System/Library/Frameworks/MessageUI.framework; sourceTree = SDKROOT; };
		D25896AC1B2D1EF900D6CF55 /* CoreMedia.framework */ = {isa = PBXFileReference; lastKnownFileType = wrapper.framework; name = CoreMedia.framework; path = System/Library/Frameworks/CoreMedia.framework; sourceTree = SDKROOT; };
		D25896AE1B2D1F0A00D6CF55 /* AVFoundation.framework */ = {isa = PBXFileReference; lastKnownFileType = wrapper.framework; name = AVFoundation.framework; path = System/Library/Frameworks/AVFoundation.framework; sourceTree = SDKROOT; };
		D25896B01B2D1F1200D6CF55 /* AudioToolbox.framework */ = {isa = PBXFileReference; lastKnownFileType = wrapper.framework; name = AudioToolbox.framework; path = System/Library/Frameworks/AudioToolbox.framework; sourceTree = SDKROOT; };
		D25896B21B2D1F6E00D6CF55 /* CoRee-Bridging-Header.h */ = {isa = PBXFileReference; fileEncoding = 4; lastKnownFileType = sourcecode.c.h; path = "CoRee-Bridging-Header.h"; sourceTree = "<group>"; };
		D2EEE7771B2AE2EA00BC871B /* CoRee.app */ = {isa = PBXFileReference; explicitFileType = wrapper.application; includeInIndex = 0; path = CoRee.app; sourceTree = BUILT_PRODUCTS_DIR; };
		D2EEE77B1B2AE2EA00BC871B /* Info.plist */ = {isa = PBXFileReference; lastKnownFileType = text.plist.xml; path = Info.plist; sourceTree = "<group>"; };
		D2EEE77C1B2AE2EA00BC871B /* AppDelegate.swift */ = {isa = PBXFileReference; lastKnownFileType = sourcecode.swift; path = AppDelegate.swift; sourceTree = "<group>"; };
		D2EEE7811B2AE2EA00BC871B /* Base */ = {isa = PBXFileReference; lastKnownFileType = file.storyboard; name = Base; path = Base.lproj/Main.storyboard; sourceTree = "<group>"; };
		D2EEE7831B2AE2EA00BC871B /* Images.xcassets */ = {isa = PBXFileReference; lastKnownFileType = folder.assetcatalog; path = Images.xcassets; sourceTree = "<group>"; };
		D2EEE7861B2AE2EA00BC871B /* Base */ = {isa = PBXFileReference; lastKnownFileType = file.xib; name = Base; path = Base.lproj/LaunchScreen.xib; sourceTree = "<group>"; };
		D2EEE78C1B2AE2EA00BC871B /* CoReeTests.xctest */ = {isa = PBXFileReference; explicitFileType = wrapper.cfbundle; includeInIndex = 0; path = CoReeTests.xctest; sourceTree = BUILT_PRODUCTS_DIR; };
		D2EEE7911B2AE2EA00BC871B /* Info.plist */ = {isa = PBXFileReference; lastKnownFileType = text.plist.xml; path = Info.plist; sourceTree = "<group>"; };
		D2EEE7921B2AE2EA00BC871B /* CoReeTests.swift */ = {isa = PBXFileReference; lastKnownFileType = sourcecode.swift; path = CoReeTests.swift; sourceTree = "<group>"; };
		D2EEE79C1B2BE74700BC871B /* CoRee-title.png */ = {isa = PBXFileReference; lastKnownFileType = image.png; path = "CoRee-title.png"; sourceTree = "<group>"; };
		D2EEE79E1B2BEFBC00BC871B /* LoginViewController.swift */ = {isa = PBXFileReference; fileEncoding = 4; lastKnownFileType = sourcecode.swift; path = LoginViewController.swift; sourceTree = "<group>"; };
		D2EEE7A21B2BF11700BC871B /* background-login-img.jpeg */ = {isa = PBXFileReference; lastKnownFileType = image.jpeg; path = "background-login-img.jpeg"; sourceTree = "<group>"; };
		D2EEE7A41B2BF1D600BC871B /* CoRee-white-title.png */ = {isa = PBXFileReference; lastKnownFileType = image.png; path = "CoRee-white-title.png"; sourceTree = "<group>"; };
		D2EEE7A61B2BF46B00BC871B /* RecommendViewController.swift */ = {isa = PBXFileReference; fileEncoding = 4; lastKnownFileType = sourcecode.swift; path = RecommendViewController.swift; sourceTree = "<group>"; };
		D2EEE7AA1B2BFBDB00BC871B /* LoginLoadViewController.swift */ = {isa = PBXFileReference; fileEncoding = 4; lastKnownFileType = sourcecode.swift; path = LoginLoadViewController.swift; sourceTree = "<group>"; };
/* End PBXFileReference section */

/* Begin PBXFrameworksBuildPhase section */
		D2EEE7741B2AE2EA00BC871B /* Frameworks */ = {
			isa = PBXFrameworksBuildPhase;
			buildActionMask = 2147483647;
			files = (
				D25896B11B2D1F1200D6CF55 /* AudioToolbox.framework in Frameworks */,
				D25896AF1B2D1F0A00D6CF55 /* AVFoundation.framework in Frameworks */,
				D25896711B2C530A00D6CF55 /* CoreLocation.framework in Frameworks */,
				D25896AD1B2D1EF900D6CF55 /* CoreMedia.framework in Frameworks */,
				D25896AB1B2D1EF100D6CF55 /* MessageUI.framework in Frameworks */,
				D25896A91B2D1EE700D6CF55 /* MobileCoreServices.framework in Frameworks */,
				D25896A71B2D1EDB00D6CF55 /* SystemConfiguration.framework in Frameworks */,
				D25896851B2C86AC00D6CF55 /* TwitterCore.framework in Frameworks */,
				D25896821B2C86AC00D6CF55 /* Fabric.framework in Frameworks */,
				D25896A51B2D1E6500D6CF55 /* libPayPalMobile.a in Frameworks */,
				D25896831B2C86AC00D6CF55 /* TwitterKit.framework in Frameworks */,
			);
			runOnlyForDeploymentPostprocessing = 0;
		};
		D2EEE7891B2AE2EA00BC871B /* Frameworks */ = {
			isa = PBXFrameworksBuildPhase;
			buildActionMask = 2147483647;
			files = (
			);
			runOnlyForDeploymentPostprocessing = 0;
		};
/* End PBXFrameworksBuildPhase section */

/* Begin PBXGroup section */
		D25896351B2C1C6000D6CF55 /* Extension */ = {
			isa = PBXGroup;
			children = (
				D258962A1B2C082200D6CF55 /* SlideMenuController.swift */,
				D25896361B2C1C9500D6CF55 /* BaseTableViewCell.swift */,
				D25896611B2C3C2600D6CF55 /* ClosetCell.swift */,
				D25896381B2C1CA300D6CF55 /* StringExtension.swift */,
				D25896391B2C1CA300D6CF55 /* UITableViewExtension.swift */,
				D258963A1B2C1CA300D6CF55 /* UIViewControllerExtension.swift */,
			);
			name = Extension;
			sourceTree = "<group>";
		};
		D25896631B2C3DB100D6CF55 /* cloth-image */ = {
			isa = PBXGroup;
			children = (
				D25896661B2C4BFE00D6CF55 /* hat.jpg */,
				D25896671B2C4BFF00D6CF55 /* jacket.jpg */,
				D25896681B2C4BFF00D6CF55 /* pants.jpg */,
				D25896691B2C4BFF00D6CF55 /* shoes.jpg */,
				D258966A1B2C4BFF00D6CF55 /* tops.jpg */,
			);
			name = "cloth-image";
			sourceTree = "<group>";
		};
		D25896761B2C778200D6CF55 /* weather-icon */ = {
			isa = PBXGroup;
			children = (
				D25896771B2C779100D6CF55 /* clouds.png */,
				D25896781B2C779100D6CF55 /* rain.png */,
				D25896791B2C779100D6CF55 /* sun.png */,
			);
			name = "weather-icon";
			path = ..;
			sourceTree = "<group>";
		};
		D25896941B2D1E6500D6CF55 /* PayPalMobile */ = {
			isa = PBXGroup;
			children = (
				D25896951B2D1E6500D6CF55 /* CardIO.h */,
				D25896961B2D1E6500D6CF55 /* CardIOCreditCardInfo.h */,
				D25896971B2D1E6500D6CF55 /* CardIODetectionMode.h */,
				D25896981B2D1E6500D6CF55 /* CardIOPaymentViewController.h */,
				D25896991B2D1E6500D6CF55 /* CardIOPaymentViewControllerDelegate.h */,
				D258969A1B2D1E6500D6CF55 /* CardIOUtilities.h */,
				D258969B1B2D1E6500D6CF55 /* CardIOView.h */,
				D258969C1B2D1E6500D6CF55 /* CardIOViewDelegate.h */,
				D258969D1B2D1E6500D6CF55 /* libPayPalMobile.a */,
				D258969E1B2D1E6500D6CF55 /* PayPalConfiguration.h */,
				D258969F1B2D1E6500D6CF55 /* PayPalFuturePaymentViewController.h */,
				D25896A01B2D1E6500D6CF55 /* PayPalMobile.h */,
				D25896A11B2D1E6500D6CF55 /* PayPalOAuthScopes.h */,
				D25896A21B2D1E6500D6CF55 /* PayPalPayment.h */,
				D25896A31B2D1E6500D6CF55 /* PayPalPaymentViewController.h */,
				D25896A41B2D1E6500D6CF55 /* PayPalProfileSharingViewController.h */,
			);
			path = PayPalMobile;
			sourceTree = "<group>";
		};
		D2EEE76E1B2AE2EA00BC871B = {
			isa = PBXGroup;
			children = (
				D25896B01B2D1F1200D6CF55 /* AudioToolbox.framework */,
				D25896AE1B2D1F0A00D6CF55 /* AVFoundation.framework */,
				D25896AC1B2D1EF900D6CF55 /* CoreMedia.framework */,
				D25896AA1B2D1EF100D6CF55 /* MessageUI.framework */,
				D25896A81B2D1EE700D6CF55 /* MobileCoreServices.framework */,
				D25896A61B2D1EDB00D6CF55 /* SystemConfiguration.framework */,
				D258967E1B2C86AC00D6CF55 /* Fabric.framework */,
				D258967F1B2C86AC00D6CF55 /* TwitterKit.framework */,
				D25896801B2C86AC00D6CF55 /* TwitterKitResources.bundle */,
				D25896811B2C86AC00D6CF55 /* TwitterCore.framework */,
				D25896701B2C530A00D6CF55 /* CoreLocation.framework */,
				D2EEE7791B2AE2EA00BC871B /* CoRee */,
				D25896351B2C1C6000D6CF55 /* Extension */,
				D2EEE78F1B2AE2EA00BC871B /* CoReeTests */,
				D2EEE7781B2AE2EA00BC871B /* Products */,
				D25896941B2D1E6500D6CF55 /* PayPalMobile */,
			);
			sourceTree = "<group>";
		};
		D2EEE7781B2AE2EA00BC871B /* Products */ = {
			isa = PBXGroup;
			children = (
				D2EEE7771B2AE2EA00BC871B /* CoRee.app */,
				D2EEE78C1B2AE2EA00BC871B /* CoReeTests.xctest */,
			);
			name = Products;
			sourceTree = "<group>";
		};
		D2EEE7791B2AE2EA00BC871B /* CoRee */ = {
			isa = PBXGroup;
			children = (
				D25896721B2C531A00D6CF55 /* SwiftyJSON.swift */,
				D2EEE77C1B2AE2EA00BC871B /* AppDelegate.swift */,
				D2EEE7A61B2BF46B00BC871B /* RecommendViewController.swift */,
				D2EEE79E1B2BEFBC00BC871B /* LoginViewController.swift */,
				D2EEE7AA1B2BFBDB00BC871B /* LoginLoadViewController.swift */,
				D25896881B2CB41100D6CF55 /* QrReadViewController.swift */,
				D25896921B2D1ACA00D6CF55 /* UtilSingleton.swift */,
				D258968A1B2CBE8600D6CF55 /* AddNewClothViewController.swift */,
				D25896511B2C24C800D6CF55 /* MenuViewController.swift */,
				D25896531B2C24C800D6CF55 /* ClosetViewController.swift */,
				D258965F1B2C3A4400D6CF55 /* ClosetDetailViewController.swift */,
				D25896541B2C24C800D6CF55 /* ProfileViewController.swift */,
				D2EEE7801B2AE2EA00BC871B /* Main.storyboard */,
				D2EEE7831B2AE2EA00BC871B /* Images.xcassets */,
				D2EEE7851B2AE2EA00BC871B /* LaunchScreen.xib */,
				D2EEE7A21B2BF11700BC871B /* background-login-img.jpeg */,
				D2EEE79C1B2BE74700BC871B /* CoRee-title.png */,
				D2EEE7A41B2BF1D600BC871B /* CoRee-white-title.png */,
				D25896761B2C778200D6CF55 /* weather-icon */,
				D25896631B2C3DB100D6CF55 /* cloth-image */,
				D2EEE77A1B2AE2EA00BC871B /* Supporting Files */,
				D25896B21B2D1F6E00D6CF55 /* CoRee-Bridging-Header.h */,
			);
			path = CoRee;
			sourceTree = "<group>";
		};
		D2EEE77A1B2AE2EA00BC871B /* Supporting Files */ = {
			isa = PBXGroup;
			children = (
				D2EEE77B1B2AE2EA00BC871B /* Info.plist */,
			);
			name = "Supporting Files";
			sourceTree = "<group>";
		};
		D2EEE78F1B2AE2EA00BC871B /* CoReeTests */ = {
			isa = PBXGroup;
			children = (
				D2EEE7921B2AE2EA00BC871B /* CoReeTests.swift */,
				D2EEE7901B2AE2EA00BC871B /* Supporting Files */,
			);
			path = CoReeTests;
			sourceTree = "<group>";
		};
		D2EEE7901B2AE2EA00BC871B /* Supporting Files */ = {
			isa = PBXGroup;
			children = (
				D2EEE7911B2AE2EA00BC871B /* Info.plist */,
			);
			name = "Supporting Files";
			sourceTree = "<group>";
		};
/* End PBXGroup section */

/* Begin PBXNativeTarget section */
		D2EEE7761B2AE2EA00BC871B /* CoRee */ = {
			isa = PBXNativeTarget;
			buildConfigurationList = D2EEE7961B2AE2EA00BC871B /* Build configuration list for PBXNativeTarget "CoRee" */;
			buildPhases = (
				D2EEE7731B2AE2EA00BC871B /* Sources */,
				D2EEE7741B2AE2EA00BC871B /* Frameworks */,
				D2EEE7751B2AE2EA00BC871B /* Resources */,
				D258967D1B2C867B00D6CF55 /* ShellScript */,
			);
			buildRules = (
			);
			dependencies = (
			);
			name = CoRee;
			productName = CoRee;
			productReference = D2EEE7771B2AE2EA00BC871B /* CoRee.app */;
			productType = "com.apple.product-type.application";
		};
		D2EEE78B1B2AE2EA00BC871B /* CoReeTests */ = {
			isa = PBXNativeTarget;
			buildConfigurationList = D2EEE7991B2AE2EA00BC871B /* Build configuration list for PBXNativeTarget "CoReeTests" */;
			buildPhases = (
				D2EEE7881B2AE2EA00BC871B /* Sources */,
				D2EEE7891B2AE2EA00BC871B /* Frameworks */,
				D2EEE78A1B2AE2EA00BC871B /* Resources */,
			);
			buildRules = (
			);
			dependencies = (
				D2EEE78E1B2AE2EA00BC871B /* PBXTargetDependency */,
			);
			name = CoReeTests;
			productName = CoReeTests;
			productReference = D2EEE78C1B2AE2EA00BC871B /* CoReeTests.xctest */;
			productType = "com.apple.product-type.bundle.unit-test";
		};
/* End PBXNativeTarget section */

/* Begin PBXProject section */
		D2EEE76F1B2AE2EA00BC871B /* Project object */ = {
			isa = PBXProject;
			attributes = {
				LastUpgradeCheck = 0630;
				ORGANIZATIONNAME = validtationError;
				TargetAttributes = {
					D2EEE7761B2AE2EA00BC871B = {
						CreatedOnToolsVersion = 6.3.2;
					};
					D2EEE78B1B2AE2EA00BC871B = {
						CreatedOnToolsVersion = 6.3.2;
						TestTargetID = D2EEE7761B2AE2EA00BC871B;
					};
				};
			};
			buildConfigurationList = D2EEE7721B2AE2EA00BC871B /* Build configuration list for PBXProject "CoRee" */;
			compatibilityVersion = "Xcode 3.2";
			developmentRegion = English;
			hasScannedForEncodings = 0;
			knownRegions = (
				en,
				Base,
			);
			mainGroup = D2EEE76E1B2AE2EA00BC871B;
			productRefGroup = D2EEE7781B2AE2EA00BC871B /* Products */;
			projectDirPath = "";
			projectRoot = "";
			targets = (
				D2EEE7761B2AE2EA00BC871B /* CoRee */,
				D2EEE78B1B2AE2EA00BC871B /* CoReeTests */,
			);
		};
/* End PBXProject section */

/* Begin PBXResourcesBuildPhase section */
		D2EEE7751B2AE2EA00BC871B /* Resources */ = {
			isa = PBXResourcesBuildPhase;
			buildActionMask = 2147483647;
			files = (
				D2EEE7821B2AE2EA00BC871B /* Main.storyboard in Resources */,
				D2EEE7A51B2BF1D600BC871B /* CoRee-white-title.png in Resources */,
				D2EEE7A31B2BF11700BC871B /* background-login-img.jpeg in Resources */,
				D258966C1B2C4BFF00D6CF55 /* jacket.jpg in Resources */,
				D25896841B2C86AC00D6CF55 /* TwitterKitResources.bundle in Resources */,
				D258966E1B2C4BFF00D6CF55 /* shoes.jpg in Resources */,
				D258966F1B2C4BFF00D6CF55 /* tops.jpg in Resources */,
				D2EEE7871B2AE2EA00BC871B /* LaunchScreen.xib in Resources */,
				D258967B1B2C779100D6CF55 /* rain.png in Resources */,
				D258967C1B2C779100D6CF55 /* sun.png in Resources */,
				D258967A1B2C779100D6CF55 /* clouds.png in Resources */,
				D258966D1B2C4BFF00D6CF55 /* pants.jpg in Resources */,
				D2EEE7841B2AE2EA00BC871B /* Images.xcassets in Resources */,
				D2EEE79D1B2BE74700BC871B /* CoRee-title.png in Resources */,
				D258966B1B2C4BFF00D6CF55 /* hat.jpg in Resources */,
			);
			runOnlyForDeploymentPostprocessing = 0;
		};
		D2EEE78A1B2AE2EA00BC871B /* Resources */ = {
			isa = PBXResourcesBuildPhase;
			buildActionMask = 2147483647;
			files = (
			);
			runOnlyForDeploymentPostprocessing = 0;
		};
/* End PBXResourcesBuildPhase section */

/* Begin PBXShellScriptBuildPhase section */
		D258967D1B2C867B00D6CF55 /* ShellScript */ = {
			isa = PBXShellScriptBuildPhase;
			buildActionMask = 2147483647;
			files = (
			);
			inputPaths = (
			);
			outputPaths = (
			);
			runOnlyForDeploymentPostprocessing = 0;
			shellPath = /bin/sh;
			shellScript = "./Fabric.framework/run e6b7474c7684fcdfda237dce2a38cb75b2e2d962 0e97dea556fff341ec1566843ddd5deae8b01914953194f04aadf74fe3eed530";
		};
/* End PBXShellScriptBuildPhase section */

/* Begin PBXSourcesBuildPhase section */
		D2EEE7731B2AE2EA00BC871B /* Sources */ = {
			isa = PBXSourcesBuildPhase;
			buildActionMask = 2147483647;
			files = (
				D2EEE79F1B2BEFBC00BC871B /* LoginViewController.swift in Sources */,
				D25896621B2C3C2600D6CF55 /* ClosetCell.swift in Sources */,
				D2EEE7A71B2BF46B00BC871B /* RecommendViewController.swift in Sources */,
				D25896891B2CB41100D6CF55 /* QrReadViewController.swift in Sources */,
				D25896731B2C531A00D6CF55 /* SwiftyJSON.swift in Sources */,
				D25896591B2C24C800D6CF55 /* ClosetViewController.swift in Sources */,
				D258965A1B2C24C800D6CF55 /* ProfileViewController.swift in Sources */,
				D25896601B2C3A4400D6CF55 /* ClosetDetailViewController.swift in Sources */,
				D258963B1B2C1CA300D6CF55 /* StringExtension.swift in Sources */,
				D25896571B2C24C800D6CF55 /* MenuViewController.swift in Sources */,
				D2EEE77D1B2AE2EA00BC871B /* AppDelegate.swift in Sources */,
				D258963C1B2C1CA300D6CF55 /* UITableViewExtension.swift in Sources */,
				D25896371B2C1C9500D6CF55 /* BaseTableViewCell.swift in Sources */,
				D25896931B2D1ACA00D6CF55 /* UtilSingleton.swift in Sources */,
				D258963D1B2C1CA300D6CF55 /* UIViewControllerExtension.swift in Sources */,
				D258962B1B2C082200D6CF55 /* SlideMenuController.swift in Sources */,
				D258968B1B2CBE8600D6CF55 /* AddNewClothViewController.swift in Sources */,
				D2EEE7AB1B2BFBDB00BC871B /* LoginLoadViewController.swift in Sources */,
			);
			runOnlyForDeploymentPostprocessing = 0;
		};
		D2EEE7881B2AE2EA00BC871B /* Sources */ = {
			isa = PBXSourcesBuildPhase;
			buildActionMask = 2147483647;
			files = (
				D2EEE7931B2AE2EA00BC871B /* CoReeTests.swift in Sources */,
			);
			runOnlyForDeploymentPostprocessing = 0;
		};
/* End PBXSourcesBuildPhase section */

/* Begin PBXTargetDependency section */
		D2EEE78E1B2AE2EA00BC871B /* PBXTargetDependency */ = {
			isa = PBXTargetDependency;
			target = D2EEE7761B2AE2EA00BC871B /* CoRee */;
			targetProxy = D2EEE78D1B2AE2EA00BC871B /* PBXContainerItemProxy */;
		};
/* End PBXTargetDependency section */

/* Begin PBXVariantGroup section */
		D2EEE7801B2AE2EA00BC871B /* Main.storyboard */ = {
			isa = PBXVariantGroup;
			children = (
				D2EEE7811B2AE2EA00BC871B /* Base */,
			);
			name = Main.storyboard;
			sourceTree = "<group>";
		};
		D2EEE7851B2AE2EA00BC871B /* LaunchScreen.xib */ = {
			isa = PBXVariantGroup;
			children = (
				D2EEE7861B2AE2EA00BC871B /* Base */,
			);
			name = LaunchScreen.xib;
			sourceTree = "<group>";
		};
/* End PBXVariantGroup section */

/* Begin XCBuildConfiguration section */
		D2EEE7941B2AE2EA00BC871B /* Debug */ = {
			isa = XCBuildConfiguration;
			buildSettings = {
				ALWAYS_SEARCH_USER_PATHS = NO;
				CLANG_CXX_LANGUAGE_STANDARD = "gnu++0x";
				CLANG_CXX_LIBRARY = "libc++";
				CLANG_ENABLE_MODULES = YES;
				CLANG_ENABLE_OBJC_ARC = YES;
				CLANG_WARN_BOOL_CONVERSION = YES;
				CLANG_WARN_CONSTANT_CONVERSION = YES;
				CLANG_WARN_DIRECT_OBJC_ISA_USAGE = YES_ERROR;
				CLANG_WARN_EMPTY_BODY = YES;
				CLANG_WARN_ENUM_CONVERSION = YES;
				CLANG_WARN_INT_CONVERSION = YES;
				CLANG_WARN_OBJC_ROOT_CLASS = YES_ERROR;
				CLANG_WARN_UNREACHABLE_CODE = YES;
				CLANG_WARN__DUPLICATE_METHOD_MATCH = YES;
				"CODE_SIGN_IDENTITY[sdk=iphoneos*]" = "iPhone Developer";
				COPY_PHASE_STRIP = NO;
				DEBUG_INFORMATION_FORMAT = "dwarf-with-dsym";
				ENABLE_STRICT_OBJC_MSGSEND = YES;
				GCC_C_LANGUAGE_STANDARD = gnu99;
				GCC_DYNAMIC_NO_PIC = NO;
				GCC_NO_COMMON_BLOCKS = YES;
				GCC_OPTIMIZATION_LEVEL = 0;
				GCC_PREPROCESSOR_DEFINITIONS = (
					"DEBUG=1",
					"$(inherited)",
				);
				GCC_SYMBOLS_PRIVATE_EXTERN = NO;
				GCC_WARN_64_TO_32_BIT_CONVERSION = YES;
				GCC_WARN_ABOUT_RETURN_TYPE = YES_ERROR;
				GCC_WARN_UNDECLARED_SELECTOR = YES;
				GCC_WARN_UNINITIALIZED_AUTOS = YES_AGGRESSIVE;
				GCC_WARN_UNUSED_FUNCTION = YES;
				GCC_WARN_UNUSED_VARIABLE = YES;
				IPHONEOS_DEPLOYMENT_TARGET = 8.3;
				MTL_ENABLE_DEBUG_INFO = YES;
				ONLY_ACTIVE_ARCH = YES;
				SDKROOT = iphoneos;
				SWIFT_OPTIMIZATION_LEVEL = "-Onone";
			};
			name = Debug;
		};
		D2EEE7951B2AE2EA00BC871B /* Release */ = {
			isa = XCBuildConfiguration;
			buildSettings = {
				ALWAYS_SEARCH_USER_PATHS = NO;
				CLANG_CXX_LANGUAGE_STANDARD = "gnu++0x";
				CLANG_CXX_LIBRARY = "libc++";
				CLANG_ENABLE_MODULES = YES;
				CLANG_ENABLE_OBJC_ARC = YES;
				CLANG_WARN_BOOL_CONVERSION = YES;
				CLANG_WARN_CONSTANT_CONVERSION = YES;
				CLANG_WARN_DIRECT_OBJC_ISA_USAGE = YES_ERROR;
				CLANG_WARN_EMPTY_BODY = YES;
				CLANG_WARN_ENUM_CONVERSION = YES;
				CLANG_WARN_INT_CONVERSION = YES;
				CLANG_WARN_OBJC_ROOT_CLASS = YES_ERROR;
				CLANG_WARN_UNREACHABLE_CODE = YES;
				CLANG_WARN__DUPLICATE_METHOD_MATCH = YES;
				"CODE_SIGN_IDENTITY[sdk=iphoneos*]" = "iPhone Developer";
				COPY_PHASE_STRIP = NO;
				DEBUG_INFORMATION_FORMAT = "dwarf-with-dsym";
				ENABLE_NS_ASSERTIONS = NO;
				ENABLE_STRICT_OBJC_MSGSEND = YES;
				GCC_C_LANGUAGE_STANDARD = gnu99;
				GCC_NO_COMMON_BLOCKS = YES;
				GCC_WARN_64_TO_32_BIT_CONVERSION = YES;
				GCC_WARN_ABOUT_RETURN_TYPE = YES_ERROR;
				GCC_WARN_UNDECLARED_SELECTOR = YES;
				GCC_WARN_UNINITIALIZED_AUTOS = YES_AGGRESSIVE;
				GCC_WARN_UNUSED_FUNCTION = YES;
				GCC_WARN_UNUSED_VARIABLE = YES;
				IPHONEOS_DEPLOYMENT_TARGET = 8.3;
				MTL_ENABLE_DEBUG_INFO = NO;
				SDKROOT = iphoneos;
				VALIDATE_PRODUCT = YES;
			};
			name = Release;
		};
		D2EEE7971B2AE2EA00BC871B /* Debug */ = {
			isa = XCBuildConfiguration;
			buildSettings = {
				ASSETCATALOG_COMPILER_APPICON_NAME = AppIcon;
				FRAMEWORK_SEARCH_PATHS = (
					"$(inherited)",
					"$(PROJECT_DIR)/CoRee",
				);
				INFOPLIST_FILE = CoRee/Info.plist;
				LD_RUNPATH_SEARCH_PATHS = "$(inherited) @executable_path/Frameworks";
				LIBRARY_SEARCH_PATHS = (
					"$(inherited)",
					"$(PROJECT_DIR)/PayPalMobile",
				);
				OTHER_LDFLAGS = (
					"-lc++",
					"-ObjC",
				);
				PRODUCT_NAME = "$(TARGET_NAME)";
				SWIFT_OBJC_BRIDGING_HEADER = "$(SRCROOT)/$(PROJECT)/CoRee-Bridging-Header.h";
			};
			name = Debug;
		};
		D2EEE7981B2AE2EA00BC871B /* Release */ = {
			isa = XCBuildConfiguration;
			buildSettings = {
				ASSETCATALOG_COMPILER_APPICON_NAME = AppIcon;
				FRAMEWORK_SEARCH_PATHS = (
					"$(inherited)",
					"$(PROJECT_DIR)/CoRee",
				);
				INFOPLIST_FILE = CoRee/Info.plist;
				LD_RUNPATH_SEARCH_PATHS = "$(inherited) @executable_path/Frameworks";
				LIBRARY_SEARCH_PATHS = (
					"$(inherited)",
					"$(PROJECT_DIR)/PayPalMobile",
				);
				OTHER_LDFLAGS = (
					"-lc++",
					"-ObjC",
				);
				PRODUCT_NAME = "$(TARGET_NAME)";
				SWIFT_OBJC_BRIDGING_HEADER = "$(SRCROOT)/$(PROJECT)/CoRee-Bridging-Header.h";
			};
			name = Release;
		};
		D2EEE79A1B2AE2EA00BC871B /* Debug */ = {
			isa = XCBuildConfiguration;
			buildSettings = {
				BUNDLE_LOADER = "$(TEST_HOST)";
				FRAMEWORK_SEARCH_PATHS = (
					"$(SDKROOT)/Developer/Library/Frameworks",
					"$(inherited)",
				);
				GCC_PREPROCESSOR_DEFINITIONS = (
					"DEBUG=1",
					"$(inherited)",
				);
				INFOPLIST_FILE = CoReeTests/Info.plist;
				LD_RUNPATH_SEARCH_PATHS = "$(inherited) @executable_path/Frameworks @loader_path/Frameworks";
				PRODUCT_NAME = "$(TARGET_NAME)";
				TEST_HOST = "$(BUILT_PRODUCTS_DIR)/CoRee.app/CoRee";
			};
			name = Debug;
		};
		D2EEE79B1B2AE2EA00BC871B /* Release */ = {
			isa = XCBuildConfiguration;
			buildSettings = {
				BUNDLE_LOADER = "$(TEST_HOST)";
				FRAMEWORK_SEARCH_PATHS = (
					"$(SDKROOT)/Developer/Library/Frameworks",
					"$(inherited)",
				);
				INFOPLIST_FILE = CoReeTests/Info.plist;
				LD_RUNPATH_SEARCH_PATHS = "$(inherited) @executable_path/Frameworks @loader_path/Frameworks";
				PRODUCT_NAME = "$(TARGET_NAME)";
				TEST_HOST = "$(BUILT_PRODUCTS_DIR)/CoRee.app/CoRee";
			};
			name = Release;
		};
/* End XCBuildConfiguration section */

/* Begin XCConfigurationList section */
		D2EEE7721B2AE2EA00BC871B /* Build configuration list for PBXProject "CoRee" */ = {
			isa = XCConfigurationList;
			buildConfigurations = (
				D2EEE7941B2AE2EA00BC871B /* Debug */,
				D2EEE7951B2AE2EA00BC871B /* Release */,
			);
			defaultConfigurationIsVisible = 0;
			defaultConfigurationName = Release;
		};
		D2EEE7961B2AE2EA00BC871B /* Build configuration list for PBXNativeTarget "CoRee" */ = {
			isa = XCConfigurationList;
			buildConfigurations = (
				D2EEE7971B2AE2EA00BC871B /* Debug */,
				D2EEE7981B2AE2EA00BC871B /* Release */,
			);
			defaultConfigurationIsVisible = 0;
			defaultConfigurationName = Release;
		};
		D2EEE7991B2AE2EA00BC871B /* Build configuration list for PBXNativeTarget "CoReeTests" */ = {
			isa = XCConfigurationList;
			buildConfigurations = (
				D2EEE79A1B2AE2EA00BC871B /* Debug */,
				D2EEE79B1B2AE2EA00BC871B /* Release */,
			);
			defaultConfigurationIsVisible = 0;
			defaultConfigurationName = Release;
		};
/* End XCConfigurationList section */
	};
	rootObject = D2EEE76F1B2AE2EA00BC871B /* Project object */;
}
